
Microsoft Visual Studio Solution File, Format Version 12.00
# Visual Studio Version 16
VisualStudioVersion = 16.6.30114.105
MinimumVisualStudioVersion = 10.0.40219.1
Project("{9A19103F-16F7-4668-BE54-9A1E7A4F7556}") = "ShaneSpace.MyPiWebApi.Web", "src\ShaneSpace.MyPiWebApi.Web\ShaneSpace.MyPiWebApi.Web.csproj", "{6D837725-CE09-4422-9FD3-70300EF2B300}"
EndProject
Project("{2150E333-8FDC-42A3-9474-1A3956D46DE8}") = "Solution Items", "Solution Items", "{AC03A495-565C-4184-A099-32CFBD0C72D0}"
	ProjectSection(SolutionItems) = preProject
		ReadMe.md = ReadMe.md
	EndProjectSection
EndProject
Project("{9A19103F-16F7-4668-BE54-9A1E7A4F7556}") = "ShaneSpace.MyPiWebApi", "src\ShaneSpace.MyPiWebApi\ShaneSpace.MyPiWebApi.csproj", "{8C1AF022-0476-4916-86C1-86F926A05AAA}"
EndProject
Global
	GlobalSection(SolutionConfigurationPlatforms) = preSolution
		Debug|Any CPU = Debug|Any CPU
		Debug|x64 = Debug|x64
		Debug|x86 = Debug|x86
		Release|Any CPU = Release|Any CPU
		Release|x64 = Release|x64
		Release|x86 = Release|x86
	EndGlobalSection
	GlobalSection(ProjectConfigurationPlatforms) = postSolution
		{6D837725-CE09-4422-9FD3-70300EF2B300}.Debug|Any CPU.ActiveCfg = Debug|Any CPU
		{6D837725-CE09-4422-9FD3-70300EF2B300}.Debug|Any CPU.Build.0 = Debug|Any CPU
		{6D837725-CE09-4422-9FD3-70300EF2B300}.Debug|x64.ActiveCfg = Debug|Any CPU
		{6D837725-CE09-4422-9FD3-70300EF2B300}.Debug|x64.Build.0 = Debug|Any CPU
		{6D837725-CE09-4422-9FD3-70300EF2B300}.Debug|x86.ActiveCfg = Debug|Any CPU
		{6D837725-CE09-4422-9FD3-70300EF2B300}.Debug|x86.Build.0 = Debug|Any CPU
		{6D837725-CE09-4422-9FD3-70300EF2B300}.Release|Any CPU.ActiveCfg = Release|Any CPU
		{6D837725-CE09-4422-9FD3-70300EF2B300}.Release|Any CPU.Build.0 = Release|Any CPU
		{6D837725-CE09-4422-9FD3-70300EF2B300}.Release|x64.ActiveCfg = Release|Any CPU
		{6D837725-CE09-4422-9FD3-70300EF2B300}.Release|x64.Build.0 = Release|Any CPU
		{6D837725-CE09-4422-9FD3-70300EF2B300}.Release|x86.ActiveCfg = Release|Any CPU
		{6D837725-CE09-4422-9FD3-70300EF2B300}.Release|x86.Build.0 = Release|Any CPU
		{8C1AF022-0476-4916-86C1-86F926A05AAA}.Debug|Any CPU.ActiveCfg = Debug|Any CPU
		{8C1AF022-0476-4916-86C1-86F926A05AAA}.Debug|Any CPU.Build.0 = Debug|Any CPU
		{8C1AF022-0476-4916-86C1-86F926A05AAA}.Debug|x64.ActiveCfg = Debug|Any CPU
		{8C1AF022-0476-4916-86C1-86F926A05AAA}.Debug|x64.Build.0 = Debug|Any CPU
		{8C1AF022-0476-4916-86C1-86F926A05AAA}.Debug|x86.ActiveCfg = Debug|Any CPU
		{8C1AF022-0476-4916-86C1-86F926A05AAA}.Debug|x86.Build.0 = Debug|Any CPU
		{8C1AF022-0476-4916-86C1-86F926A05AAA}.Release|Any CPU.ActiveCfg = Release|Any CPU
		{8C1AF022-0476-4916-86C1-86F926A05AAA}.Release|Any CPU.Build.0 = Release|Any CPU
		{8C1AF022-0476-4916-86C1-86F926A05AAA}.Release|x64.ActiveCfg = Release|Any CPU
		{8C1AF022-0476-4916-86C1-86F926A05AAA}.Release|x64.Build.0 = Release|Any CPU
		{8C1AF022-0476-4916-86C1-86F926A05AAA}.Release|x86.ActiveCfg = Release|Any CPU
		{8C1AF022-0476-4916-86C1-86F926A05AAA}.Release|x86.Build.0 = Release|Any CPU
	EndGlobalSection
	GlobalSection(SolutionProperties) = preSolution
		HideSolutionNode = FALSE
	EndGlobalSection
	GlobalSection(ExtensibilityGlobals) = postSolution
		SolutionGuid = {7B00390C-A60A-4DE8-9B26-1290DC997011}
	EndGlobalSection
EndGlobal
